{
  "nodes": {
    "nixpkgs": {
      "locked": {
        "lastModified": 1779508470,
        "narHash": "sha256-Ap9KJX+5xHIn3bPIpfNgT6MEXdAECECwo4/rmlQD74M=",
        "owner": "nixos",
        "repo": "nixpkgs",
        "rev": "29916453413845e54a65b8a1cf996842300cd299",
        "type": "github"
      },
      "original": {
        "owner": "nixos",
        "ref": "nixos-unstable",
        "repo": "nixpkgs",
        "type": "github"
      }
    },
    "root": {
      "inputs": {
        "nixpkgs": "nixpkgs",
        "wrappers": "wrappers"
      }
    },
    "wrappers": {
      "inputs": {
        "nixpkgs": [
          "nixpkgs"
        ]
      },
      "locked": {
        "lastModified": 1779606792,
        "narHash": "sha256-wAEhik4CEabc17BH1d6FDYuB0G4hZDBnFpG7jobqkyI=",
        "path": "/home/jonas/dev/nix-wrapper-modules-quickshell",
        "type": "path"
      },
      "original": {
        "path": "/home/jonas/dev/nix-wrapper-modules-quickshell",
        "type": "path"
      }
    }
  },
  "root": "root",
  "version": 7
}
